
Microsoft Visual Studio Solution File, Format Version 12.00
# Visual Studio Version 17
VisualStudioVersion = 17.10.35027.167
MinimumVisualStudioVersion = 10.0.40219.1
Project("{FAE04EC0-301F-11D3-BF4B-00C04F79EFBC}") = "ShopOnline", "ShopOnline\ShopOnline.csproj", "{1E571EE5-3487-4B68-90DD-CB8DB2C463C0}"
EndProject
Global
	GlobalSection(SolutionConfigurationPlatforms) = preSolution
		Debug|Any CPU = Debug|Any CPU
		Release|Any CPU = Release|Any CPU
	EndGlobalSection
	GlobalSection(ProjectConfigurationPlatforms) = postSolution
		{1E571EE5-3487-4B68-90DD-CB8DB2C463C0}.Debug|Any CPU.ActiveCfg = Debug|Any CPU
		{1E571EE5-3487-4B68-90DD-CB8DB2C463C0}.Debug|Any CPU.Build.0 = Debug|Any CPU
		{1E571EE5-3487-4B68-90DD-CB8DB2C463C0}.Release|Any CPU.ActiveCfg = Release|Any CPU
		{1E571EE5-3487-4B68-90DD-CB8DB2C463C0}.Release|Any CPU.Build.0 = Release|Any CPU
	EndGlobalSection
	GlobalSection(SolutionProperties) = preSolution
		HideSolutionNode = FALSE
	EndGlobalSection
	GlobalSection(ExtensibilityGlobals) = postSolution
		SolutionGuid = {9E3BE872-5BC9-4729-9C2B-6CB7F6C46F26}
	EndGlobalSection
EndGlobal
